
Microsoft Visual Studio Solution File, Format Version 12.00
# Visual Studio Version 16
VisualStudioVersion = 16.0.30611.23
MinimumVisualStudioVersion = 10.0.40219.1
Project("{9A19103F-16F7-4668-BE54-9A1E7A4F7556}") = "ThiTracNghiem_BackEndAPI", "ThiTracNghiem_BackEndAPI\ThiTracNghiem_BackEndAPI.csproj", "{BAFD0EBC-2C46-4F16-9939-D08F464B26FA}"
EndProject
Project("{9A19103F-16F7-4668-BE54-9A1E7A4F7556}") = "ThiTracNghiem_WebAdmin", "ThiTracNghiem_WebAdmin\ThiTracNghiem_WebAdmin.csproj", "{FE7A8DA4-70DF-4E6A-AAE2-19219EE2D6A8}"
EndProject
Project("{9A19103F-16F7-4668-BE54-9A1E7A4F7556}") = "ThiTracNghiem_ViewModel", "ThiTracNghiem.ViewModel\ThiTracNghiem_ViewModel.csproj", "{BB3532EB-ADB1-4B19-813F-5B9F77ED5591}"
EndProject
Global
	GlobalSection(SolutionConfigurationPlatforms) = preSolution
		Debug|Any CPU = Debug|Any CPU
		Release|Any CPU = Release|Any CPU
	EndGlobalSection
	GlobalSection(ProjectConfigurationPlatforms) = postSolution
		{BAFD0EBC-2C46-4F16-9939-D08F464B26FA}.Debug|Any CPU.ActiveCfg = Debug|Any CPU
		{BAFD0EBC-2C46-4F16-9939-D08F464B26FA}.Debug|Any CPU.Build.0 = Debug|Any CPU
		{BAFD0EBC-2C46-4F16-9939-D08F464B26FA}.Release|Any CPU.ActiveCfg = Release|Any CPU
		{BAFD0EBC-2C46-4F16-9939-D08F464B26FA}.Release|Any CPU.Build.0 = Release|Any CPU
		{FE7A8DA4-70DF-4E6A-AAE2-19219EE2D6A8}.Debug|Any CPU.ActiveCfg = Debug|Any CPU
		{FE7A8DA4-70DF-4E6A-AAE2-19219EE2D6A8}.Debug|Any CPU.Build.0 = Debug|Any CPU
		{FE7A8DA4-70DF-4E6A-AAE2-19219EE2D6A8}.Release|Any CPU.ActiveCfg = Release|Any CPU
		{FE7A8DA4-70DF-4E6A-AAE2-19219EE2D6A8}.Release|Any CPU.Build.0 = Release|Any CPU
		{BB3532EB-ADB1-4B19-813F-5B9F77ED5591}.Debug|Any CPU.ActiveCfg = Debug|Any CPU
		{BB3532EB-ADB1-4B19-813F-5B9F77ED5591}.Debug|Any CPU.Build.0 = Debug|Any CPU
		{BB3532EB-ADB1-4B19-813F-5B9F77ED5591}.Release|Any CPU.ActiveCfg = Release|Any CPU
		{BB3532EB-ADB1-4B19-813F-5B9F77ED5591}.Release|Any CPU.Build.0 = Release|Any CPU
	EndGlobalSection
	GlobalSection(SolutionProperties) = preSolution
		HideSolutionNode = FALSE
	EndGlobalSection
	GlobalSection(ExtensibilityGlobals) = postSolution
		SolutionGuid = {74CE89E3-7355-4DE1-A6B8-20997AA8D30C}
	EndGlobalSection
EndGlobal
